
Microsoft Visual Studio Solution File, Format Version 12.00
# Visual Studio Version 17
VisualStudioVersion = 17.6.33815.320
MinimumVisualStudioVersion = 10.0.40219.1
Project("{FAE04EC0-301F-11D3-BF4B-00C04F79EFBC}") = "MagicPost_Data", "MagicPost_Data\MagicPost_Data.csproj", "{FBE2B765-550E-4E48-8223-6964F9922BFF}"
EndProject
Project("{FAE04EC0-301F-11D3-BF4B-00C04F79EFBC}") = "MagicPost_ViewModel", "MagicPost_ViewModel\MagicPost_ViewModel.csproj", "{7F919AC5-8213-4EB3-A729-18FD89E5158C}"
EndProject
Project("{FAE04EC0-301F-11D3-BF4B-00C04F79EFBC}") = "MagicPost_BackendAPI", "MagicPost_BackendAPI\MagicPost_BackendAPI.csproj", "{62728A48-1236-4DC3-8025-C30DB096FF62}"
EndProject
Global
	GlobalSection(SolutionConfigurationPlatforms) = preSolution
		Debug|Any CPU = Debug|Any CPU
		Release|Any CPU = Release|Any CPU
	EndGlobalSection
	GlobalSection(ProjectConfigurationPlatforms) = postSolution
		{FBE2B765-550E-4E48-8223-6964F9922BFF}.Debug|Any CPU.ActiveCfg = Debug|Any CPU
		{FBE2B765-550E-4E48-8223-6964F9922BFF}.Debug|Any CPU.Build.0 = Debug|Any CPU
		{FBE2B765-550E-4E48-8223-6964F9922BFF}.Release|Any CPU.ActiveCfg = Release|Any CPU
		{FBE2B765-550E-4E48-8223-6964F9922BFF}.Release|Any CPU.Build.0 = Release|Any CPU
		{7F919AC5-8213-4EB3-A729-18FD89E5158C}.Debug|Any CPU.ActiveCfg = Debug|Any CPU
		{7F919AC5-8213-4EB3-A729-18FD89E5158C}.Debug|Any CPU.Build.0 = Debug|Any CPU
		{7F919AC5-8213-4EB3-A729-18FD89E5158C}.Release|Any CPU.ActiveCfg = Release|Any CPU
		{7F919AC5-8213-4EB3-A729-18FD89E5158C}.Release|Any CPU.Build.0 = Release|Any CPU
		{62728A48-1236-4DC3-8025-C30DB096FF62}.Debug|Any CPU.ActiveCfg = Debug|Any CPU
		{62728A48-1236-4DC3-8025-C30DB096FF62}.Debug|Any CPU.Build.0 = Debug|Any CPU
		{62728A48-1236-4DC3-8025-C30DB096FF62}.Release|Any CPU.ActiveCfg = Release|Any CPU
		{62728A48-1236-4DC3-8025-C30DB096FF62}.Release|Any CPU.Build.0 = Release|Any CPU
	EndGlobalSection
	GlobalSection(SolutionProperties) = preSolution
		HideSolutionNode = FALSE
	EndGlobalSection
	GlobalSection(ExtensibilityGlobals) = postSolution
		SolutionGuid = {820A8902-5431-4E34-8B99-46AC3A689C1A}
	EndGlobalSection
EndGlobal
